dependencies:
- name: common
  repository: https://sourcemation.github.io/charts/
  version: 0.1.1
- name: jenkins
  repository: https://charts.jenkins.io
  version: 5.7.8
digest: sha256:e63b82cf5d9a069798ede288c78cccb1eca1edff90f0f1764767ce55f66bc94a
generated: "2024-10-24T12:56:49.844367105+02:00"
