dependencies:
- name: common
  repository: https://sourcemation.github.io/charts/
  version: 0.1.1
- name: jenkins
  repository: https://charts.jenkins.io
  version: 5.8.10
digest: sha256:cad337900af02dc123ace625c344ee2c7647f17308e60460998762368b77d91d
generated: "2025-03-24T15:14:54.596743338+01:00"
