dependencies:
- name: common
  repository: https://sourcemation.github.io/charts/
  version: 0.1.1
- name: jenkins
  repository: https://charts.jenkins.io
  version: 5.8.38
digest: sha256:90be8de862d392f139d4bd248a4cc49c84f6a95748a88bf4a5cad2a0d6440a78
generated: "2025-05-01T01:59:27.96698222+02:00"
