dependencies:
- name: common
  repository: https://sourcemation.github.io/charts/
  version: 0.1.1
- name: jenkins
  repository: https://charts.jenkins.io
  version: 5.7.14
digest: sha256:45722aceeb7e533ffd85df0eb7e76f04c30cce90897c22d1b1883bf5b50c8418
generated: "2025-03-15T01:59:17.897852035+01:00"
