dependencies:
- name: common
  repository: https://charts.sourcemation.com/
  version: 0.1.1
- name: strimzi-kafka-operator
  repository: oci://quay.io/strimzi-helm
  version: 0.46.0
digest: sha256:a599890de60178c68d3591a8e546861fa0856d8d833a393f3b5b6946e273b5d8
generated: "2025-11-21T15:06:30.108963293+01:00"
