dependencies:
- name: common
  repository: https://charts.sourcemation.com/
  version: 0.1.1
- name: eck-operator-crds
  repository: https://helm.elastic.co
  version: 2.11.1
- name: eck-operator
  repository: https://helm.elastic.co
  version: 2.11.1
digest: sha256:0363b48d05b65bbb8cab29cbb52719dc209c69266507e1b2254a59ca28429dd6
generated: "2024-09-20T00:42:58.490605162+02:00"
