dependencies:
- name: common
  repository: https://sourcemation.github.io/charts/
  version: 0.1.1
- name: coder
  repository: https://helm.coder.com/v2
  version: 2.18.5
digest: sha256:2c68d5a1702ac784dbcc0d10919cc0e731668ab8786bd24b37285e255bbd6c59
generated: "2025-02-14T15:42:57.504426166+01:00"
