dependencies:
- name: common
  repository: https://sourcemation.github.io/charts/
  version: 0.1.1
- name: redis-cluster
  repository: https://ot-container-kit.github.io/helm-charts
  version: 0.17.2
digest: sha256:383de57930d60a430d31f5b10766cba1f14dc69fb9a8035da309b01d6fd3136b
generated: "2025-10-31T01:00:09.440005728Z"
