dependencies:
- name: common
  repository: https://sourcemation.github.io/charts/
  version: 0.1.1
- name: base
  repository: https://istio-release.storage.googleapis.com/charts
  version: 1.24.4
- name: istiod
  repository: https://istio-release.storage.googleapis.com/charts
  version: 1.24.4
- name: cni
  repository: https://istio-release.storage.googleapis.com/charts
  version: 1.24.4
- name: ztunnel
  repository: https://istio-release.storage.googleapis.com/charts
  version: 1.24.4
digest: sha256:156b630ddf2ad5b6f1bcc15233f2867d07ef392636aae036b7de3f1dbc9e6d32
generated: "2025-04-09T01:59:21.504063322+02:00"
