dependencies:
- name: common
  repository: https://charts.sourcemation.com/
  version: 0.1.1
- name: cert-manager
  repository: https://charts.jetstack.io
  version: v1.16.2
- name: cert-manager-approver-policy
  repository: https://charts.jetstack.io
  version: v0.17.0
digest: sha256:23e5d3d1a993bd2e9d2a3407acba0df38af9420adbb9266cde8da44cdce97daa
generated: "2025-05-15T01:59:19.180039637+02:00"
