dependencies:
- name: common
  repository: https://charts.sourcemation.com/
  version: 0.1.1
- name: eck-operator-crds
  repository: https://helm.elastic.co
  version: 2.12.1
- name: eck-operator
  repository: https://helm.elastic.co
  version: 2.12.1
digest: sha256:c2788fbdd6989b7c7aec81ffd1e80bec21da6131ff26e5f134751bc0f90ba5f7
generated: "2024-09-20T01:17:18.113366356+02:00"
