dependencies:
- name: common
  repository: https://sourcemation.github.io/charts/
  version: 0.1.1
- name: cloudnative-pg
  repository: https://cloudnative-pg.github.io/charts
  version: 0.23.0
digest: sha256:8678646a5a865f4d3a352a02c05b0f3343e8409a89915301c3a43f53f6d79813
generated: "2025-02-17T17:10:25.474110129+01:00"
