dependencies:
- name: common
  repository: https://charts.sourcemation.com/
  version: 0.1.1
- name: cloudnative-pg
  repository: https://cloudnative-pg.github.io/charts
  version: 0.25.0
digest: sha256:17c674e6dc0f5c72e7ff9b1e86c2c3dacc6ee514c2a20d52d5a3a9f59400ac87
generated: "2025-07-28T23:59:22.940322776Z"
