dependencies:
- name: common
  repository: https://charts.sourcemation.com/
  version: 0.1.1
- name: cloudnative-pg
  repository: https://cloudnative-pg.github.io/charts
  version: 0.23.1
digest: sha256:be94586d3e9a903a9588cf11820fd14d0bc06cda8e6f8e6137397d0ca06ddabd
generated: "2025-05-20T01:59:23.365675233+02:00"
