dependencies:
- name: common
  repository: https://charts.sourcemation.com/
  version: 0.1.1
- name: core
  repository: https://neuvector.github.io/neuvector-helm/
  version: 2.8.7
digest: sha256:bf72fcb551071cfc5299d1bcac4230535b6e340140605aa6ae809c4e757b28d9
generated: "2025-07-10T23:59:47.467789545Z"
