dependencies:
- name: common
  repository: https://charts.sourcemation.com/
  version: 0.1.1
- name: core
  repository: https://neuvector.github.io/neuvector-helm/
  version: 2.8.6
digest: sha256:a287513440af97caee37e1188aae491813be019be77170183e09c2ff544ac8ea
generated: "2025-05-14T01:59:36.313770391+02:00"
