dependencies:
- name: common
  repository: https://charts.sourcemation.com/
  version: 0.1.1
- name: core
  repository: https://neuvector.github.io/neuvector-helm/
  version: 2.8.8
digest: sha256:a380358444870f66e2625b8f5cebb8ab8c42208c81930b1fc13190a7dbde2749
generated: "2025-08-26T23:59:46.056375563Z"
