dependencies:
- name: common
  repository: https://charts.sourcemation.com/
  version: 0.1.1
- name: rabbitmq-cluster-operator
  repository: https://charts.bitnami.com/bitnami
  version: 4.4.20
digest: sha256:dd62ec51c0ecec0c7f9584ecde31d10d7de3df051e9d9f02aeed382bf62fa3c9
generated: "2025-06-12T00:00:20.006119486Z"
