dependencies:
- name: common
  repository: https://charts.sourcemation.com/
  version: 0.1.1
- name: rabbitmq-cluster-operator
  repository: https://charts.bitnami.com/bitnami
  version: 4.4.17
digest: sha256:70d99d6e961e20c1ce0c79a97882527891ddb0fe34203a8bbe5eb144361a3d65
generated: "2025-06-11T00:00:31.939926394Z"
