dependencies:
- name: common
  repository: https://sourcemation.github.io/charts/
  version: 0.1.1
- name: redis-operator
  repository: https://ot-container-kit.github.io/helm-charts
  version: 0.20.1
digest: sha256:1e5525f1b95a0a6df16c4fe8727486d7fcde0f2161cc2ca98b9abbc6ee70f21d
generated: "2025-04-28T01:59:28.692512763+02:00"
