dependencies:
- name: common
  repository: https://charts.sourcemation.com/
  version: 0.1.1
- name: sonarqube
  repository: https://SonarSource.github.io/helm-chart-sonarqube/
  version: 2025.4.3
digest: sha256:80f16653b23973928f8cbcc9b7ae20bf37a7109bb79ffeca69fb8dcf2d8b1b1c
generated: "2025-09-25T01:00:13.302924954Z"
