dependencies:
- name: common
  repository: https://charts.sourcemation.com/
  version: 0.1.1
- name: sonarqube
  repository: https://SonarSource.github.io/helm-chart-sonarqube/
  version: 2025.2.0
digest: sha256:76a6636c64284a176b8f946d326091273866cfd31d9fa3a8f61af10c46e79fa2
generated: "2025-06-04T00:01:24.992817127Z"
