dependencies:
- name: common
  repository: https://sourcemation.github.io/charts/
  version: 0.1.1
- name: redis-sentinel
  repository: https://ot-container-kit.github.io/helm-charts
  version: 0.16.9
digest: sha256:6025f6896611aa81710c6e056716e3b9c992cabd3a1468b9549e08be41fc2553
generated: "2025-04-29T01:59:39.774650873+02:00"
