dependencies:
- name: common
  repository: https://charts.sourcemation.com/
  version: 0.1.1
- name: redis-sentinel
  repository: https://ot-container-kit.github.io/helm-charts
  version: 0.16.11
digest: sha256:102df3d75458861a8e5168d3344a2e817858341bbe759fc17ac845f723bd386d
generated: "2025-10-31T01:00:20.131404812Z"
