dependencies:
- name: common
  repository: https://sourcemation.github.io/charts/
  version: 0.1.1
- name: kyverno
  repository: https://kyverno.github.io/kyverno/
  version: 3.4.1
digest: sha256:e5dae61ce22a579cc6eac26dc472e7c5904e651d85b1b2f6e932aa0ebfeb0861
generated: "2025-05-01T01:59:34.881369963+02:00"
