dependencies:
- name: common
  repository: https://sourcemation.github.io/charts/
  version: 0.1.1
- name: cert-manager
  repository: https://charts.jetstack.io
  version: v1.15.1
- name: adcs-issuer
  repository: https://djkormo.github.io/adcs-issuer
  version: 2.1.1
- name: cert-manager-approver-policy
  repository: https://charts.jetstack.io
  version: v0.15.1
digest: sha256:ae8a2f91e4a88d65cf4afd05ed39dd755aa13f1d640560e7db74812a1ff0ef14
generated: "2024-09-25T06:05:57.60296803+02:00"
